
Microsoft Visual Studio Solution File, Format Version 12.00
# Visual Studio Version 16
VisualStudioVersion = 16.0.31410.357
MinimumVisualStudioVersion = 10.0.40219.1
Project("{FAE04EC0-301F-11D3-BF4B-00C04F79EFBC}") = "Exec5", "Exec5\Exec5.csproj", "{801E2B64-F70C-4BD8-BFB3-070F160041AF}"
EndProject
Global
	GlobalSection(SolutionConfigurationPlatforms) = preSolution
		Debug|Any CPU = Debug|Any CPU
		Release|Any CPU = Release|Any CPU
	EndGlobalSection
	GlobalSection(ProjectConfigurationPlatforms) = postSolution
		{801E2B64-F70C-4BD8-BFB3-070F160041AF}.Debug|Any CPU.ActiveCfg = Debug|Any CPU
		{801E2B64-F70C-4BD8-BFB3-070F160041AF}.Debug|Any CPU.Build.0 = Debug|Any CPU
		{801E2B64-F70C-4BD8-BFB3-070F160041AF}.Release|Any CPU.ActiveCfg = Release|Any CPU
		{801E2B64-F70C-4BD8-BFB3-070F160041AF}.Release|Any CPU.Build.0 = Release|Any CPU
	EndGlobalSection
	GlobalSection(SolutionProperties) = preSolution
		HideSolutionNode = FALSE
	EndGlobalSection
	GlobalSection(ExtensibilityGlobals) = postSolution
		SolutionGuid = {C72F3887-0C8C-42CB-9C67-F4113E24A1B2}
	EndGlobalSection
EndGlobal
